
Microsoft Visual Studio Solution File, Format Version 12.00
# Visual Studio Version 16
VisualStudioVersion = 16.0.30011.22
MinimumVisualStudioVersion = 10.0.40219.1
Project("{9A19103F-16F7-4668-BE54-9A1E7A4F7556}") = "Library", "Library\Library.csproj", "{7C27D3B6-3F0B-44B1-90E0-F1131AE59FC2}"
EndProject
Project("{9A19103F-16F7-4668-BE54-9A1E7A4F7556}") = "DatabasePopulator", "DatabasePopulator\DatabasePopulator.csproj", "{CA84721C-199C-4172-B0D8-DAA6AEC25DE2}"
EndProject
Project("{9A19103F-16F7-4668-BE54-9A1E7A4F7556}") = "WandererWebAPI", "WandererWebAPI\WandererWebAPI.csproj", "{F89EB336-08D6-4684-BB5F-D6E187AE5886}"
EndProject
Global
	GlobalSection(SolutionConfigurationPlatforms) = preSolution
		Debug|Any CPU = Debug|Any CPU
		Release|Any CPU = Release|Any CPU
	EndGlobalSection
	GlobalSection(ProjectConfigurationPlatforms) = postSolution
		{7C27D3B6-3F0B-44B1-90E0-F1131AE59FC2}.Debug|Any CPU.ActiveCfg = Debug|Any CPU
		{7C27D3B6-3F0B-44B1-90E0-F1131AE59FC2}.Debug|Any CPU.Build.0 = Debug|Any CPU
		{7C27D3B6-3F0B-44B1-90E0-F1131AE59FC2}.Release|Any CPU.ActiveCfg = Release|Any CPU
		{7C27D3B6-3F0B-44B1-90E0-F1131AE59FC2}.Release|Any CPU.Build.0 = Release|Any CPU
		{CA84721C-199C-4172-B0D8-DAA6AEC25DE2}.Debug|Any CPU.ActiveCfg = Debug|Any CPU
		{CA84721C-199C-4172-B0D8-DAA6AEC25DE2}.Debug|Any CPU.Build.0 = Debug|Any CPU
		{CA84721C-199C-4172-B0D8-DAA6AEC25DE2}.Release|Any CPU.ActiveCfg = Release|Any CPU
		{CA84721C-199C-4172-B0D8-DAA6AEC25DE2}.Release|Any CPU.Build.0 = Release|Any CPU
		{F89EB336-08D6-4684-BB5F-D6E187AE5886}.Debug|Any CPU.ActiveCfg = Debug|Any CPU
		{F89EB336-08D6-4684-BB5F-D6E187AE5886}.Debug|Any CPU.Build.0 = Debug|Any CPU
		{F89EB336-08D6-4684-BB5F-D6E187AE5886}.Release|Any CPU.ActiveCfg = Release|Any CPU
		{F89EB336-08D6-4684-BB5F-D6E187AE5886}.Release|Any CPU.Build.0 = Release|Any CPU
	EndGlobalSection
	GlobalSection(SolutionProperties) = preSolution
		HideSolutionNode = FALSE
	EndGlobalSection
	GlobalSection(ExtensibilityGlobals) = postSolution
		SolutionGuid = {C41C4DB5-FDDE-4F45-A5F7-57A21A674F80}
	EndGlobalSection
EndGlobal
