
Microsoft Visual Studio Solution File, Format Version 12.00
# Visual Studio 15
VisualStudioVersion = 15.0.26430.15
MinimumVisualStudioVersion = 10.0.40219.1
Project("{262852C6-CD72-467D-83FE-5EEB1973A190}") = "Wanderer RPG", "Wanderer\Wanderer RPG.jsproj", "{38EFFD2A-125E-4D46-9A86-E544EAA2B95D}"
EndProject
Global
	GlobalSection(SolutionConfigurationPlatforms) = preSolution
		Debug|Android = Debug|Android
		Debug|iOS = Debug|iOS
		Debug|Windows-AnyCPU = Debug|Windows-AnyCPU
		Debug|Windows-ARM = Debug|Windows-ARM
		Debug|Windows-x64 = Debug|Windows-x64
		Debug|Windows-x86 = Debug|Windows-x86
		Release|Android = Release|Android
		Release|iOS = Release|iOS
		Release|Windows-AnyCPU = Release|Windows-AnyCPU
		Release|Windows-ARM = Release|Windows-ARM
		Release|Windows-x64 = Release|Windows-x64
		Release|Windows-x86 = Release|Windows-x86
	EndGlobalSection
	GlobalSection(ProjectConfigurationPlatforms) = postSolution
		{38EFFD2A-125E-4D46-9A86-E544EAA2B95D}.Debug|Android.ActiveCfg = Debug|Any CPU
		{38EFFD2A-125E-4D46-9A86-E544EAA2B95D}.Debug|Android.Build.0 = Debug|Any CPU
		{38EFFD2A-125E-4D46-9A86-E544EAA2B95D}.Debug|iOS.ActiveCfg = Debug|Any CPU
		{38EFFD2A-125E-4D46-9A86-E544EAA2B95D}.Debug|iOS.Build.0 = Debug|Any CPU
		{38EFFD2A-125E-4D46-9A86-E544EAA2B95D}.Debug|Windows-AnyCPU.ActiveCfg = Debug|Any CPU
		{38EFFD2A-125E-4D46-9A86-E544EAA2B95D}.Debug|Windows-AnyCPU.Build.0 = Debug|Any CPU
		{38EFFD2A-125E-4D46-9A86-E544EAA2B95D}.Debug|Windows-ARM.ActiveCfg = Debug|Any CPU
		{38EFFD2A-125E-4D46-9A86-E544EAA2B95D}.Debug|Windows-ARM.Build.0 = Debug|Any CPU
		{38EFFD2A-125E-4D46-9A86-E544EAA2B95D}.Debug|Windows-x64.ActiveCfg = Debug|Any CPU
		{38EFFD2A-125E-4D46-9A86-E544EAA2B95D}.Debug|Windows-x64.Build.0 = Debug|Any CPU
		{38EFFD2A-125E-4D46-9A86-E544EAA2B95D}.Debug|Windows-x86.ActiveCfg = Debug|Any CPU
		{38EFFD2A-125E-4D46-9A86-E544EAA2B95D}.Debug|Windows-x86.Build.0 = Debug|Any CPU
		{38EFFD2A-125E-4D46-9A86-E544EAA2B95D}.Release|Android.ActiveCfg = Release|Any CPU
		{38EFFD2A-125E-4D46-9A86-E544EAA2B95D}.Release|Android.Build.0 = Release|Any CPU
		{38EFFD2A-125E-4D46-9A86-E544EAA2B95D}.Release|iOS.ActiveCfg = Release|Any CPU
		{38EFFD2A-125E-4D46-9A86-E544EAA2B95D}.Release|iOS.Build.0 = Release|Any CPU
		{38EFFD2A-125E-4D46-9A86-E544EAA2B95D}.Release|Windows-AnyCPU.ActiveCfg = Release|Any CPU
		{38EFFD2A-125E-4D46-9A86-E544EAA2B95D}.Release|Windows-AnyCPU.Build.0 = Release|Any CPU
		{38EFFD2A-125E-4D46-9A86-E544EAA2B95D}.Release|Windows-ARM.ActiveCfg = Release|Any CPU
		{38EFFD2A-125E-4D46-9A86-E544EAA2B95D}.Release|Windows-ARM.Build.0 = Release|Any CPU
		{38EFFD2A-125E-4D46-9A86-E544EAA2B95D}.Release|Windows-x64.ActiveCfg = Release|Any CPU
		{38EFFD2A-125E-4D46-9A86-E544EAA2B95D}.Release|Windows-x64.Build.0 = Release|Any CPU
		{38EFFD2A-125E-4D46-9A86-E544EAA2B95D}.Release|Windows-x86.ActiveCfg = Release|Any CPU
		{38EFFD2A-125E-4D46-9A86-E544EAA2B95D}.Release|Windows-x86.Build.0 = Release|Any CPU
	EndGlobalSection
	GlobalSection(SolutionProperties) = preSolution
		HideSolutionNode = FALSE
	EndGlobalSection
	GlobalSection(ExtensibilityGlobals) = postSolution
		SolutionGuid = {B0ADE574-B64A-4E5C-B88A-582B5983E895}
	EndGlobalSection
EndGlobal
